
Microsoft Visual Studio Solution File, Format Version 12.00
# Visual Studio 14
VisualStudioVersion = 14.0.25420.1
MinimumVisualStudioVersion = 10.0.40219.1
Project("{FAE04EC0-301F-11D3-BF4B-00C04F79EFBC}") = "Caculator2", "Caculator2\Caculator2.csproj", "{DEA9F0F0-F87F-4FC8-9D97-8FA0A6AA51FE}"
EndProject
Global
	GlobalSection(SolutionConfigurationPlatforms) = preSolution
		Debug|Any CPU = Debug|Any CPU
		Release|Any CPU = Release|Any CPU
	EndGlobalSection
	GlobalSection(ProjectConfigurationPlatforms) = postSolution
		{DEA9F0F0-F87F-4FC8-9D97-8FA0A6AA51FE}.Debug|Any CPU.ActiveCfg = Debug|Any CPU
		{DEA9F0F0-F87F-4FC8-9D97-8FA0A6AA51FE}.Debug|Any CPU.Build.0 = Debug|Any CPU
		{DEA9F0F0-F87F-4FC8-9D97-8FA0A6AA51FE}.Release|Any CPU.ActiveCfg = Release|Any CPU
		{DEA9F0F0-F87F-4FC8-9D97-8FA0A6AA51FE}.Release|Any CPU.Build.0 = Release|Any CPU
	EndGlobalSection
	GlobalSection(SolutionProperties) = preSolution
		HideSolutionNode = FALSE
	EndGlobalSection
EndGlobal
